<Solution>
  <Folder Name="/backend/">
    <Project Path="backend/BookingService.API/BookingService.API.csproj" />
    <Project Path="backend/PredictionService.API/PredictionService.API.csproj" />
    <Project Path="backend/ReportingService.API/ReportingService.API.csproj" />
  </Folder>
</Solution>
